
Microsoft Visual Studio Solution File, Format Version 12.00
# Visual Studio Version 17
VisualStudioVersion = 17.14.37614.0 d17.14
MinimumVisualStudioVersion = 10.0.40219.1
Project("{FAE04EC0-301F-11D3-BF4B-00C04F79EFBC}") = "assigment 06 route", "assigment 06 route\assigment 06 route.csproj", "{526C9696-1365-4868-9588-BCFF041BD365}"
EndProject
Global
	GlobalSection(SolutionConfigurationPlatforms) = preSolution
		Debug|Any CPU = Debug|Any CPU
		Release|Any CPU = Release|Any CPU
	EndGlobalSection
	GlobalSection(ProjectConfigurationPlatforms) = postSolution
		{526C9696-1365-4868-9588-BCFF041BD365}.Debug|Any CPU.ActiveCfg = Debug|Any CPU
		{526C9696-1365-4868-9588-BCFF041BD365}.Debug|Any CPU.Build.0 = Debug|Any CPU
		{526C9696-1365-4868-9588-BCFF041BD365}.Release|Any CPU.ActiveCfg = Release|Any CPU
		{526C9696-1365-4868-9588-BCFF041BD365}.Release|Any CPU.Build.0 = Release|Any CPU
	EndGlobalSection
	GlobalSection(SolutionProperties) = preSolution
		HideSolutionNode = FALSE
	EndGlobalSection
	GlobalSection(ExtensibilityGlobals) = postSolution
		SolutionGuid = {F377CAFF-32A4-4FDD-9255-8670E0A575A3}
	EndGlobalSection
EndGlobal
