
Microsoft Visual Studio Solution File, Format Version 12.00
# Visual Studio Version 17
VisualStudioVersion = 17.14.37614.0 d17.14
MinimumVisualStudioVersion = 10.0.40219.1
Project("{FAE04EC0-301F-11D3-BF4B-00C04F79EFBC}") = "assigment oop 1", "assigment oop 1\assigment oop 1.csproj", "{21EE4B52-7E24-490C-B7A8-1543F647975A}"
EndProject
Global
	GlobalSection(SolutionConfigurationPlatforms) = preSolution
		Debug|Any CPU = Debug|Any CPU
		Release|Any CPU = Release|Any CPU
	EndGlobalSection
	GlobalSection(ProjectConfigurationPlatforms) = postSolution
		{21EE4B52-7E24-490C-B7A8-1543F647975A}.Debug|Any CPU.ActiveCfg = Debug|Any CPU
		{21EE4B52-7E24-490C-B7A8-1543F647975A}.Debug|Any CPU.Build.0 = Debug|Any CPU
		{21EE4B52-7E24-490C-B7A8-1543F647975A}.Release|Any CPU.ActiveCfg = Release|Any CPU
		{21EE4B52-7E24-490C-B7A8-1543F647975A}.Release|Any CPU.Build.0 = Release|Any CPU
	EndGlobalSection
	GlobalSection(SolutionProperties) = preSolution
		HideSolutionNode = FALSE
	EndGlobalSection
	GlobalSection(ExtensibilityGlobals) = postSolution
		SolutionGuid = {718F8B45-FC89-4D4C-AD61-F55FA3658B51}
	EndGlobalSection
EndGlobal
